# THIS IS AN AUTOGENERATED FILE. DO NOT EDIT THIS FILE DIRECTLY.
# yarn lockfile v1


turbo-darwin-64@2.0.11:
  version "2.0.11"
  resolved "https://registry.yarnpkg.com/turbo-darwin-64/-/turbo-darwin-64-2.0.11.tgz#9734155718c2980e49d0f69de874c792691dcdc2"
  integrity sha512-YlHEEhcm+jI1BSZoLugGHUWDfRXaNaQIv7tGQBfadYjo9kixBnqoTOU6s1ubOrQMID+lizZZQs79GXwqM6vohg==

turbo-darwin-arm64@2.0.11:
  version "2.0.11"
  resolved "https://registry.yarnpkg.com/turbo-darwin-arm64/-/turbo-darwin-arm64-2.0.11.tgz#31277b9cd1d927da881016e1893374099e3f582c"
  integrity sha512-K/YW+hWzRQ/wGmtffxllH4M1tgy8OlwgXODrIiAGzkSpZl9+pIsem/F86UULlhsIeavBYK/LS5+dzV3DPMjJ9w==

turbo-linux-64@2.0.11:
  version "2.0.11"
  resolved "https://registry.yarnpkg.com/turbo-linux-64/-/turbo-linux-64-2.0.11.tgz#c0639719d5d8e1ccf99cdecc0a8a4abe1836b74b"
  integrity sha512-mv8CwGP06UPweMh1Vlp6PI6OWnkuibxfIJ4Vlof7xqjohAaZU5FLqeOeHkjQflH/6YrCVuS9wrK0TFOu+meTtA==

turbo-linux-arm64@2.0.11:
  version "2.0.11"
  resolved "https://registry.yarnpkg.com/turbo-linux-arm64/-/turbo-linux-arm64-2.0.11.tgz#2fdd73e006f5220ef30c060ea7ecaa3a47589b25"
  integrity sha512-wLE5tl4oriTmHbuayc0ki0csaCplmVLj+uCWtecM/mfBuZgNS9ICNM9c4sB+Cfl5tlBBFeepqRNgvRvn8WeVZg==

turbo-windows-64@2.0.11:
  version "2.0.11"
  resolved "https://registry.yarnpkg.com/turbo-windows-64/-/turbo-windows-64-2.0.11.tgz#5362884c625e1c02736552ec970a86830cb70bfe"
  integrity sha512-tja3zvVCSWu3HizOoeQv0qDJ+GeWGWRFOOM6a8i3BYnXLgGKAaDZFcjwzgC50tWiAw4aowIVR4OouwIyRhLBaQ==

turbo-windows-arm64@2.0.11:
  version "2.0.11"
  resolved "https://registry.yarnpkg.com/turbo-windows-arm64/-/turbo-windows-arm64-2.0.11.tgz#4e871f273754018df0ec170908ef29a5ac04af9a"
  integrity sha512-sYjXP6k94Bqh99R+y3M1Ks6LRIEZybMz+7enA8GKl6JJ2ZFaXxTnS6q+/2+ii1+rRwxohj5OBb4gxODcF8Jd4w==

turbo@^2.0.11:
  version "2.0.11"
  resolved "https://registry.yarnpkg.com/turbo/-/turbo-2.0.11.tgz#de8bb6558b00199867db992066fbb0c5dec582d4"
  integrity sha512-imDlFFAvitbCm1JtDFJ6eG882qwxHUmVT2noPb3p2jq5o5DuXOchMbkVS9kUeC3/4WpY5N0GBZ3RvqNyjHZw1Q==
  optionalDependencies:
    turbo-darwin-64 "2.0.11"
    turbo-darwin-arm64 "2.0.11"
    turbo-linux-64 "2.0.11"
    turbo-linux-arm64 "2.0.11"
    turbo-windows-64 "2.0.11"
    turbo-windows-arm64 "2.0.11"
